
Microsoft Visual Studio Solution File, Format Version 12.00
# Visual Studio Version 16
VisualStudioVersion = 16.0.29326.143
MinimumVisualStudioVersion = 10.0.40219.1
Project("{FAE04EC0-301F-11D3-BF4B-00C04F79EFBC}") = "MahlerFanSite", "MahlerFanSite\MahlerFanSite.csproj", "{0F7C0E67-3F5D-4AE6-A6FF-5F6D9BCDC54E}"
EndProject
Global
	GlobalSection(SolutionConfigurationPlatforms) = preSolution
		Debug|Any CPU = Debug|Any CPU
		Release|Any CPU = Release|Any CPU
	EndGlobalSection
	GlobalSection(ProjectConfigurationPlatforms) = postSolution
		{0F7C0E67-3F5D-4AE6-A6FF-5F6D9BCDC54E}.Debug|Any CPU.ActiveCfg = Debug|Any CPU
		{0F7C0E67-3F5D-4AE6-A6FF-5F6D9BCDC54E}.Debug|Any CPU.Build.0 = Debug|Any CPU
		{0F7C0E67-3F5D-4AE6-A6FF-5F6D9BCDC54E}.Release|Any CPU.ActiveCfg = Release|Any CPU
		{0F7C0E67-3F5D-4AE6-A6FF-5F6D9BCDC54E}.Release|Any CPU.Build.0 = Release|Any CPU
	EndGlobalSection
	GlobalSection(SolutionProperties) = preSolution
		HideSolutionNode = FALSE
	EndGlobalSection
	GlobalSection(ExtensibilityGlobals) = postSolution
		SolutionGuid = {73F58C09-D916-4CA6-ADD2-96F22F92E0D9}
	EndGlobalSection
EndGlobal
